// !$*UTF8*$!
{
	archiveVersion = 1;
	classes = {
	};
	objectVersion = 56;
	objects = {

/* Begin PBXBuildFile section */
		922930D52AA9D64400D5C5F8 /* AdaptiveModal in Frameworks */ = {isa = PBXBuildFile; productRef = 922930D42AA9D64400D5C5F8 /* AdaptiveModal */; };
		926935D72AA9FFDF007132DC /* LongText.swift in Sources */ = {isa = PBXBuildFile; fileRef = 926935D62AA9FFDF007132DC /* LongText.swift */; };
		926935D92AAA0031007132DC /* BlueButton.swift in Sources */ = {isa = PBXBuildFile; fileRef = 926935D82AAA0031007132DC /* BlueButton.swift */; };
		926935DB2AAA00FD007132DC /* BasicExample.swift in Sources */ = {isa = PBXBuildFile; fileRef = 926935DA2AAA00FD007132DC /* BasicExample.swift */; };
		926935DD2AAA0C4D007132DC /* ScrollViewExample.swift in Sources */ = {isa = PBXBuildFile; fileRef = 926935DC2AAA0C4D007132DC /* ScrollViewExample.swift */; };
		926935DF2AAA3A09007132DC /* DraggableDisabled.swift in Sources */ = {isa = PBXBuildFile; fileRef = 926935DE2AAA3A09007132DC /* DraggableDisabled.swift */; };
		926935E12AAA3C62007132DC /* CancelableDisabled.swift in Sources */ = {isa = PBXBuildFile; fileRef = 926935E02AAA3C62007132DC /* CancelableDisabled.swift */; };
		92DB9A532AA332E8009D8B7E /* AdaptiveModalExampleApp.swift in Sources */ = {isa = PBXBuildFile; fileRef = 92DB9A522AA332E8009D8B7E /* AdaptiveModalExampleApp.swift */; };
		92DB9A552AA332E8009D8B7E /* ContentView.swift in Sources */ = {isa = PBXBuildFile; fileRef = 92DB9A542AA332E8009D8B7E /* ContentView.swift */; };
		92DB9A572AA332E9009D8B7E /* Assets.xcassets in Resources */ = {isa = PBXBuildFile; fileRef = 92DB9A562AA332E9009D8B7E /* Assets.xcassets */; };
		92DB9A5A2AA332E9009D8B7E /* Preview Assets.xcassets in Resources */ = {isa = PBXBuildFile; fileRef = 92DB9A592AA332E9009D8B7E /* Preview Assets.xcassets */; };
/* End PBXBuildFile section */

/* Begin PBXFileReference section */
		926935D62AA9FFDF007132DC /* LongText.swift */ = {isa = PBXFileReference; lastKnownFileType = sourcecode.swift; path = LongText.swift; sourceTree = "<group>"; };
		926935D82AAA0031007132DC /* BlueButton.swift */ = {isa = PBXFileReference; lastKnownFileType = sourcecode.swift; path = BlueButton.swift; sourceTree = "<group>"; };
		926935DA2AAA00FD007132DC /* BasicExample.swift */ = {isa = PBXFileReference; lastKnownFileType = sourcecode.swift; path = BasicExample.swift; sourceTree = "<group>"; };
		926935DC2AAA0C4D007132DC /* ScrollViewExample.swift */ = {isa = PBXFileReference; lastKnownFileType = sourcecode.swift; path = ScrollViewExample.swift; sourceTree = "<group>"; };
		926935DE2AAA3A09007132DC /* DraggableDisabled.swift */ = {isa = PBXFileReference; lastKnownFileType = sourcecode.swift; path = DraggableDisabled.swift; sourceTree = "<group>"; };
		926935E02AAA3C62007132DC /* CancelableDisabled.swift */ = {isa = PBXFileReference; lastKnownFileType = sourcecode.swift; path = CancelableDisabled.swift; sourceTree = "<group>"; };
		92A6F9832AA33A3D0099BE73 /* Info.plist */ = {isa = PBXFileReference; lastKnownFileType = text.plist; path = Info.plist; sourceTree = "<group>"; };
		92DB9A4F2AA332E8009D8B7E /* AdaptiveModalExample.app */ = {isa = PBXFileReference; explicitFileType = wrapper.application; includeInIndex = 0; path = AdaptiveModalExample.app; sourceTree = BUILT_PRODUCTS_DIR; };
		92DB9A522AA332E8009D8B7E /* AdaptiveModalExampleApp.swift */ = {isa = PBXFileReference; lastKnownFileType = sourcecode.swift; path = AdaptiveModalExampleApp.swift; sourceTree = "<group>"; };
		92DB9A542AA332E8009D8B7E /* ContentView.swift */ = {isa = PBXFileReference; lastKnownFileType = sourcecode.swift; path = ContentView.swift; sourceTree = "<group>"; };
		92DB9A562AA332E9009D8B7E /* Assets.xcassets */ = {isa = PBXFileReference; lastKnownFileType = folder.assetcatalog; path = Assets.xcassets; sourceTree = "<group>"; };
		92DB9A592AA332E9009D8B7E /* Preview Assets.xcassets */ = {isa = PBXFileReference; lastKnownFileType = folder.assetcatalog; path = "Preview Assets.xcassets"; sourceTree = "<group>"; };
/* End PBXFileReference section */

/* Begin PBXFrameworksBuildPhase section */
		92DB9A4C2AA332E8009D8B7E /* Frameworks */ = {
			isa = PBXFrameworksBuildPhase;
			buildActionMask = 2147483647;
			files = (
				922930D52AA9D64400D5C5F8 /* AdaptiveModal in Frameworks */,
			);
			runOnlyForDeploymentPostprocessing = 0;
		};
/* End PBXFrameworksBuildPhase section */

/* Begin PBXGroup section */
		926935D52AA9FFC7007132DC /* Views */ = {
			isa = PBXGroup;
			children = (
				926935D62AA9FFDF007132DC /* LongText.swift */,
				926935D82AAA0031007132DC /* BlueButton.swift */,
			);
			path = Views;
			sourceTree = "<group>";
		};
		926935E22AAA41C8007132DC /* Examples */ = {
			isa = PBXGroup;
			children = (
				926935D52AA9FFC7007132DC /* Views */,
				926935DA2AAA00FD007132DC /* BasicExample.swift */,
				926935DC2AAA0C4D007132DC /* ScrollViewExample.swift */,
				926935DE2AAA3A09007132DC /* DraggableDisabled.swift */,
				926935E02AAA3C62007132DC /* CancelableDisabled.swift */,
			);
			path = Examples;
			sourceTree = "<group>";
		};
		92A6F9842AA33A4C0099BE73 /* Frameworks */ = {
			isa = PBXGroup;
			children = (
			);
			name = Frameworks;
			sourceTree = "<group>";
		};
		92DB9A462AA332E8009D8B7E = {
			isa = PBXGroup;
			children = (
				92DB9A512AA332E8009D8B7E /* AdaptiveModalExample */,
				92DB9A502AA332E8009D8B7E /* Products */,
				92A6F9842AA33A4C0099BE73 /* Frameworks */,
			);
			sourceTree = "<group>";
		};
		92DB9A502AA332E8009D8B7E /* Products */ = {
			isa = PBXGroup;
			children = (
				92DB9A4F2AA332E8009D8B7E /* AdaptiveModalExample.app */,
			);
			name = Products;
			sourceTree = "<group>";
		};
		92DB9A512AA332E8009D8B7E /* AdaptiveModalExample */ = {
			isa = PBXGroup;
			children = (
				92A6F9832AA33A3D0099BE73 /* Info.plist */,
				92DB9A522AA332E8009D8B7E /* AdaptiveModalExampleApp.swift */,
				92DB9A542AA332E8009D8B7E /* ContentView.swift */,
				926935E22AAA41C8007132DC /* Examples */,
				92DB9A562AA332E9009D8B7E /* Assets.xcassets */,
				92DB9A582AA332E9009D8B7E /* Preview Content */,
			);
			path = AdaptiveModalExample;
			sourceTree = "<group>";
		};
		92DB9A582AA332E9009D8B7E /* Preview Content */ = {
			isa = PBXGroup;
			children = (
				92DB9A592AA332E9009D8B7E /* Preview Assets.xcassets */,
			);
			path = "Preview Content";
			sourceTree = "<group>";
		};
/* End PBXGroup section */

/* Begin PBXNativeTarget section */
		92DB9A4E2AA332E8009D8B7E /* AdaptiveModalExample */ = {
			isa = PBXNativeTarget;
			buildConfigurationList = 92DB9A5D2AA332E9009D8B7E /* Build configuration list for PBXNativeTarget "AdaptiveModalExample" */;
			buildPhases = (
				92DB9A4B2AA332E8009D8B7E /* Sources */,
				92DB9A4C2AA332E8009D8B7E /* Frameworks */,
				92DB9A4D2AA332E8009D8B7E /* Resources */,
			);
			buildRules = (
			);
			dependencies = (
			);
			name = AdaptiveModalExample;
			packageProductDependencies = (
				922930D42AA9D64400D5C5F8 /* AdaptiveModal */,
			);
			productName = AdaptiveModalExample;
			productReference = 92DB9A4F2AA332E8009D8B7E /* AdaptiveModalExample.app */;
			productType = "com.apple.product-type.application";
		};
/* End PBXNativeTarget section */

/* Begin PBXProject section */
		92DB9A472AA332E8009D8B7E /* Project object */ = {
			isa = PBXProject;
			attributes = {
				BuildIndependentTargetsInParallel = 1;
				LastSwiftUpdateCheck = 1500;
				LastUpgradeCheck = 1500;
				TargetAttributes = {
					92DB9A4E2AA332E8009D8B7E = {
						CreatedOnToolsVersion = 15.0;
					};
				};
			};
			buildConfigurationList = 92DB9A4A2AA332E8009D8B7E /* Build configuration list for PBXProject "AdaptiveModalExample" */;
			compatibilityVersion = "Xcode 14.0";
			developmentRegion = en;
			hasScannedForEncodings = 0;
			knownRegions = (
				en,
				Base,
			);
			mainGroup = 92DB9A462AA332E8009D8B7E;
			productRefGroup = 92DB9A502AA332E8009D8B7E /* Products */;
			projectDirPath = "";
			projectRoot = "";
			targets = (
				92DB9A4E2AA332E8009D8B7E /* AdaptiveModalExample */,
			);
		};
/* End PBXProject section */

/* Begin PBXResourcesBuildPhase section */
		92DB9A4D2AA332E8009D8B7E /* Resources */ = {
			isa = PBXResourcesBuildPhase;
			buildActionMask = 2147483647;
			files = (
				92DB9A5A2AA332E9009D8B7E /* Preview Assets.xcassets in Resources */,
				92DB9A572AA332E9009D8B7E /* Assets.xcassets in Resources */,
			);
			runOnlyForDeploymentPostprocessing = 0;
		};
/* End PBXResourcesBuildPhase section */

/* Begin PBXSourcesBuildPhase section */
		92DB9A4B2AA332E8009D8B7E /* Sources */ = {
			isa = PBXSourcesBuildPhase;
			buildActionMask = 2147483647;
			files = (
				926935DD2AAA0C4D007132DC /* ScrollViewExample.swift in Sources */,
				926935D72AA9FFDF007132DC /* LongText.swift in Sources */,
				92DB9A552AA332E8009D8B7E /* ContentView.swift in Sources */,
				926935D92AAA0031007132DC /* BlueButton.swift in Sources */,
				92DB9A532AA332E8009D8B7E /* AdaptiveModalExampleApp.swift in Sources */,
				926935E12AAA3C62007132DC /* CancelableDisabled.swift in Sources */,
				926935DF2AAA3A09007132DC /* DraggableDisabled.swift in Sources */,
				926935DB2AAA00FD007132DC /* BasicExample.swift in Sources */,
			);
			runOnlyForDeploymentPostprocessing = 0;
		};
/* End PBXSourcesBuildPhase section */

/* Begin XCBuildConfiguration section */
		92DB9A5B2AA332E9009D8B7E /* Debug */ = {
			isa = XCBuildConfiguration;
			buildSettings = {
				ALWAYS_SEARCH_USER_PATHS = NO;
				ASSETCATALOG_COMPILER_GENERATE_SWIFT_ASSET_SYMBOL_EXTENSIONS = YES;
				CLANG_ANALYZER_NONNULL = YES;
				CLANG_ANALYZER_NUMBER_OBJECT_CONVERSION = YES_AGGRESSIVE;
				CLANG_CXX_LANGUAGE_STANDARD = "gnu++20";
				CLANG_ENABLE_MODULES = YES;
				CLANG_ENABLE_OBJC_ARC = YES;
				CLANG_ENABLE_OBJC_WEAK = YES;
				CLANG_WARN_BLOCK_CAPTURE_AUTORELEASING = YES;
				CLANG_WARN_BOOL_CONVERSION = YES;
				CLANG_WARN_COMMA = YES;
				CLANG_WARN_CONSTANT_CONVERSION = YES;
				CLANG_WARN_DEPRECATED_OBJC_IMPLEMENTATIONS = YES;
				CLANG_WARN_DIRECT_OBJC_ISA_USAGE = YES_ERROR;
				CLANG_WARN_DOCUMENTATION_COMMENTS = YES;
				CLANG_WARN_EMPTY_BODY = YES;
				CLANG_WARN_ENUM_CONVERSION = YES;
				CLANG_WARN_INFINITE_RECURSION = YES;
				CLANG_WARN_INT_CONVERSION = YES;
				CLANG_WARN_NON_LITERAL_NULL_CONVERSION = YES;
				CLANG_WARN_OBJC_IMPLICIT_RETAIN_SELF = YES;
				CLANG_WARN_OBJC_LITERAL_CONVERSION = YES;
				CLANG_WARN_OBJC_ROOT_CLASS = YES_ERROR;
				CLANG_WARN_QUOTED_INCLUDE_IN_FRAMEWORK_HEADER = YES;
				CLANG_WARN_RANGE_LOOP_ANALYSIS = YES;
				CLANG_WARN_STRICT_PROTOTYPES = YES;
				CLANG_WARN_SUSPICIOUS_MOVE = YES;
				CLANG_WARN_UNGUARDED_AVAILABILITY = YES_AGGRESSIVE;
				CLANG_WARN_UNREACHABLE_CODE = YES;
				CLANG_WARN__DUPLICATE_METHOD_MATCH = YES;
				COPY_PHASE_STRIP = NO;
				DEBUG_INFORMATION_FORMAT = dwarf;
				ENABLE_STRICT_OBJC_MSGSEND = YES;
				ENABLE_TESTABILITY = YES;
				ENABLE_USER_SCRIPT_SANDBOXING = YES;
				GCC_C_LANGUAGE_STANDARD = gnu17;
				GCC_DYNAMIC_NO_PIC = NO;
				GCC_NO_COMMON_BLOCKS = YES;
				GCC_OPTIMIZATION_LEVEL = 0;
				GCC_PREPROCESSOR_DEFINITIONS = (
					"DEBUG=1",
					"$(inherited)",
				);
				GCC_WARN_64_TO_32_BIT_CONVERSION = YES;
				GCC_WARN_ABOUT_RETURN_TYPE = YES_ERROR;
				GCC_WARN_UNDECLARED_SELECTOR = YES;
				GCC_WARN_UNINITIALIZED_AUTOS = YES_AGGRESSIVE;
				GCC_WARN_UNUSED_FUNCTION = YES;
				GCC_WARN_UNUSED_VARIABLE = YES;
				IPHONEOS_DEPLOYMENT_TARGET = 14.0;
				LOCALIZATION_PREFERS_STRING_CATALOGS = YES;
				MTL_ENABLE_DEBUG_INFO = INCLUDE_SOURCE;
				MTL_FAST_MATH = YES;
				ONLY_ACTIVE_ARCH = YES;
				SDKROOT = iphoneos;
				SWIFT_ACTIVE_COMPILATION_CONDITIONS = "DEBUG $(inherited)";
				SWIFT_OPTIMIZATION_LEVEL = "-Onone";
			};
			name = Debug;
		};
		92DB9A5C2AA332E9009D8B7E /* Release */ = {
			isa = XCBuildConfiguration;
			buildSettings = {
				ALWAYS_SEARCH_USER_PATHS = NO;
				ASSETCATALOG_COMPILER_GENERATE_SWIFT_ASSET_SYMBOL_EXTENSIONS = YES;
				CLANG_ANALYZER_NONNULL = YES;
				CLANG_ANALYZER_NUMBER_OBJECT_CONVERSION = YES_AGGRESSIVE;
				CLANG_CXX_LANGUAGE_STANDARD = "gnu++20";
				CLANG_ENABLE_MODULES = YES;
				CLANG_ENABLE_OBJC_ARC = YES;
				CLANG_ENABLE_OBJC_WEAK = YES;
				CLANG_WARN_BLOCK_CAPTURE_AUTORELEASING = YES;
				CLANG_WARN_BOOL_CONVERSION = YES;
				CLANG_WARN_COMMA = YES;
				CLANG_WARN_CONSTANT_CONVERSION = YES;
				CLANG_WARN_DEPRECATED_OBJC_IMPLEMENTATIONS = YES;
				CLANG_WARN_DIRECT_OBJC_ISA_USAGE = YES_ERROR;
				CLANG_WARN_DOCUMENTATION_COMMENTS = YES;
				CLANG_WARN_EMPTY_BODY = YES;
				CLANG_WARN_ENUM_CONVERSION = YES;
				CLANG_WARN_INFINITE_RECURSION = YES;
				CLANG_WARN_INT_CONVERSION = YES;
				CLANG_WARN_NON_LITERAL_NULL_CONVERSION = YES;
				CLANG_WARN_OBJC_IMPLICIT_RETAIN_SELF = YES;
				CLANG_WARN_OBJC_LITERAL_CONVERSION = YES;
				CLANG_WARN_OBJC_ROOT_CLASS = YES_ERROR;
				CLANG_WARN_QUOTED_INCLUDE_IN_FRAMEWORK_HEADER = YES;
				CLANG_WARN_RANGE_LOOP_ANALYSIS = YES;
				CLANG_WARN_STRICT_PROTOTYPES = YES;
				CLANG_WARN_SUSPICIOUS_MOVE = YES;
				CLANG_WARN_UNGUARDED_AVAILABILITY = YES_AGGRESSIVE;
				CLANG_WARN_UNREACHABLE_CODE = YES;
				CLANG_WARN__DUPLICATE_METHOD_MATCH = YES;
				COPY_PHASE_STRIP = NO;
				DEBUG_INFORMATION_FORMAT = "dwarf-with-dsym";
				ENABLE_NS_ASSERTIONS = NO;
				ENABLE_STRICT_OBJC_MSGSEND = YES;
				ENABLE_USER_SCRIPT_SANDBOXING = YES;
				GCC_C_LANGUAGE_STANDARD = gnu17;
				GCC_NO_COMMON_BLOCKS = YES;
				GCC_WARN_64_TO_32_BIT_CONVERSION = YES;
				GCC_WARN_ABOUT_RETURN_TYPE = YES_ERROR;
				GCC_WARN_UNDECLARED_SELECTOR = YES;
				GCC_WARN_UNINITIALIZED_AUTOS = YES_AGGRESSIVE;
				GCC_WARN_UNUSED_FUNCTION = YES;
				GCC_WARN_UNUSED_VARIABLE = YES;
				IPHONEOS_DEPLOYMENT_TARGET = 14.0;
				LOCALIZATION_PREFERS_STRING_CATALOGS = YES;
				MTL_ENABLE_DEBUG_INFO = NO;
				MTL_FAST_MATH = YES;
				SDKROOT = iphoneos;
				SWIFT_COMPILATION_MODE = wholemodule;
				VALIDATE_PRODUCT = YES;
			};
			name = Release;
		};
		92DB9A5E2AA332E9009D8B7E /* Debug */ = {
			isa = XCBuildConfiguration;
			buildSettings = {
				ASSETCATALOG_COMPILER_APPICON_NAME = AppIcon;
				ASSETCATALOG_COMPILER_GLOBAL_ACCENT_COLOR_NAME = AccentColor;
				CODE_SIGN_STYLE = Automatic;
				CURRENT_PROJECT_VERSION = 1;
				DEVELOPMENT_ASSET_PATHS = "\"AdaptiveModalExample/Preview Content\"";
				DEVELOPMENT_TEAM = DTNU4X38FM;
				ENABLE_PREVIEWS = YES;
				GENERATE_INFOPLIST_FILE = YES;
				INFOPLIST_FILE = AdaptiveModalExample/Info.plist;
				INFOPLIST_KEY_UIApplicationSceneManifest_Generation = YES;
				INFOPLIST_KEY_UIApplicationSupportsIndirectInputEvents = YES;
				INFOPLIST_KEY_UILaunchScreen_Generation = YES;
				INFOPLIST_KEY_UISupportedInterfaceOrientations_iPad = "UIInterfaceOrientationPortrait UIInterfaceOrientationPortraitUpsideDown UIInterfaceOrientationLandscapeLeft UIInterfaceOrientationLandscapeRight";
				INFOPLIST_KEY_UISupportedInterfaceOrientations_iPhone = "UIInterfaceOrientationPortrait UIInterfaceOrientationLandscapeLeft UIInterfaceOrientationLandscapeRight";
				LD_RUNPATH_SEARCH_PATHS = (
					"$(inherited)",
					"@executable_path/Frameworks",
				);
				MARKETING_VERSION = 1.0;
				PRODUCT_BUNDLE_IDENTIFIER = com.yoshiysh.AdaptiveModalExample;
				PRODUCT_NAME = "$(TARGET_NAME)";
				SWIFT_EMIT_LOC_STRINGS = YES;
				SWIFT_VERSION = 5.0;
				TARGETED_DEVICE_FAMILY = "1,2";
			};
			name = Debug;
		};
		92DB9A5F2AA332E9009D8B7E /* Release */ = {
			isa = XCBuildConfiguration;
			buildSettings = {
				ASSETCATALOG_COMPILER_APPICON_NAME = AppIcon;
				ASSETCATALOG_COMPILER_GLOBAL_ACCENT_COLOR_NAME = AccentColor;
				CODE_SIGN_STYLE = Automatic;
				CURRENT_PROJECT_VERSION = 1;
				DEVELOPMENT_ASSET_PATHS = "\"AdaptiveModalExample/Preview Content\"";
				DEVELOPMENT_TEAM = DTNU4X38FM;
				ENABLE_PREVIEWS = YES;
				GENERATE_INFOPLIST_FILE = YES;
				INFOPLIST_FILE = AdaptiveModalExample/Info.plist;
				INFOPLIST_KEY_UIApplicationSceneManifest_Generation = YES;
				INFOPLIST_KEY_UIApplicationSupportsIndirectInputEvents = YES;
				INFOPLIST_KEY_UILaunchScreen_Generation = YES;
				INFOPLIST_KEY_UISupportedInterfaceOrientations_iPad = "UIInterfaceOrientationPortrait UIInterfaceOrientationPortraitUpsideDown UIInterfaceOrientationLandscapeLeft UIInterfaceOrientationLandscapeRight";
				INFOPLIST_KEY_UISupportedInterfaceOrientations_iPhone = "UIInterfaceOrientationPortrait UIInterfaceOrientationLandscapeLeft UIInterfaceOrientationLandscapeRight";
				LD_RUNPATH_SEARCH_PATHS = (
					"$(inherited)",
					"@executable_path/Frameworks",
				);
				MARKETING_VERSION = 1.0;
				PRODUCT_BUNDLE_IDENTIFIER = com.yoshiysh.AdaptiveModalExample;
				PRODUCT_NAME = "$(TARGET_NAME)";
				SWIFT_EMIT_LOC_STRINGS = YES;
				SWIFT_VERSION = 5.0;
				TARGETED_DEVICE_FAMILY = "1,2";
			};
			name = Release;
		};
/* End XCBuildConfiguration section */

/* Begin XCConfigurationList section */
		92DB9A4A2AA332E8009D8B7E /* Build configuration list for PBXProject "AdaptiveModalExample" */ = {
			isa = XCConfigurationList;
			buildConfigurations = (
				92DB9A5B2AA332E9009D8B7E /* Debug */,
				92DB9A5C2AA332E9009D8B7E /* Release */,
			);
			defaultConfigurationIsVisible = 0;
			defaultConfigurationName = Release;
		};
		92DB9A5D2AA332E9009D8B7E /* Build configuration list for PBXNativeTarget "AdaptiveModalExample" */ = {
			isa = XCConfigurationList;
			buildConfigurations = (
				92DB9A5E2AA332E9009D8B7E /* Debug */,
				92DB9A5F2AA332E9009D8B7E /* Release */,
			);
			defaultConfigurationIsVisible = 0;
			defaultConfigurationName = Release;
		};
/* End XCConfigurationList section */

/* Begin XCSwiftPackageProductDependency section */
		922930D42AA9D64400D5C5F8 /* AdaptiveModal */ = {
			isa = XCSwiftPackageProductDependency;
			productName = AdaptiveModal;
		};
/* End XCSwiftPackageProductDependency section */
	};
	rootObject = 92DB9A472AA332E8009D8B7E /* Project object */;
}
